
Microsoft Visual Studio Solution File, Format Version 12.00
# Visual Studio Version 17
VisualStudioVersion = 17.5.33627.172
MinimumVisualStudioVersion = 10.0.40219.1
Project("{FAE04EC0-301F-11D3-BF4B-00C04F79EFBC}") = "Contrutores", "Contrutores\Contrutores.csproj", "{FF62AA0B-AEA8-49D7-8FF6-1106E6E8B682}"
EndProject
Global
	GlobalSection(SolutionConfigurationPlatforms) = preSolution
		Debug|Any CPU = Debug|Any CPU
		Release|Any CPU = Release|Any CPU
	EndGlobalSection
	GlobalSection(ProjectConfigurationPlatforms) = postSolution
		{FF62AA0B-AEA8-49D7-8FF6-1106E6E8B682}.Debug|Any CPU.ActiveCfg = Debug|Any CPU
		{FF62AA0B-AEA8-49D7-8FF6-1106E6E8B682}.Debug|Any CPU.Build.0 = Debug|Any CPU
		{FF62AA0B-AEA8-49D7-8FF6-1106E6E8B682}.Release|Any CPU.ActiveCfg = Release|Any CPU
		{FF62AA0B-AEA8-49D7-8FF6-1106E6E8B682}.Release|Any CPU.Build.0 = Release|Any CPU
	EndGlobalSection
	GlobalSection(SolutionProperties) = preSolution
		HideSolutionNode = FALSE
	EndGlobalSection
	GlobalSection(ExtensibilityGlobals) = postSolution
		SolutionGuid = {095AA8AD-0253-4EB3-853A-CFABA48B4BFC}
	EndGlobalSection
EndGlobal
